<?xml version="1.0" encoding="utf-8"?>
<Project ToolsVersion="4.0" xmlns="http://schemas.microsoft.com/developer/msbuild/2003">
  <ItemGroup>
    <Filter Include="src">
      <UniqueIdentifier>{801e5261-aa55-4044-9fe6-c91efdf79915}</UniqueIdentifier>
    </Filter>
  </ItemGroup>
  <ItemGroup>
    <ClCompile Include="..\src\epoll_server.cpp">
      <Filter>src</Filter>
    </ClCompile>
    <ClCompile Include="..\src\mailbox.cpp">
      <Filter>src</Filter>
    </ClCompile>
    <ClCompile Include="..\src\main.cpp">
      <Filter>src</Filter>
    </ClCompile>
    <ClCompile Include="..\src\net_util.cpp">
      <Filter>src</Filter>
    </ClCompile>
    <ClCompile Include="..\src\bitcryto.cpp">
      <Filter>src</Filter>
    </ClCompile>
    <ClCompile Include="..\src\defparser.cpp">
      <Filter>src</Filter>
    </ClCompile>
    <ClCompile Include="..\src\mutex.cpp">
      <Filter>src</Filter>
    </ClCompile>
    <ClCompile Include="..\src\pluto.cpp">
      <Filter>src</Filter>
    </ClCompile>
    <ClCompile Include="..\src\rpc_mogo.cpp">
      <Filter>src</Filter>
    </ClCompile>
    <ClCompile Include="..\src\type_mogo.cpp">
      <Filter>src</Filter>
    </ClCompile>
    <ClCompile Include="..\src\util.cpp">
      <Filter>src</Filter>
    </ClCompile>
  </ItemGroup>
  <ItemGroup>
    <ClInclude Include="..\src\epoll_server.h">
      <Filter>src</Filter>
    </ClInclude>
    <ClInclude Include="..\src\mailbox.h">
      <Filter>src</Filter>
    </ClInclude>
    <ClInclude Include="..\src\net_util.h">
      <Filter>src</Filter>
    </ClInclude>
    <ClInclude Include="..\src\bitcryto.h">
      <Filter>src</Filter>
    </ClInclude>
    <ClInclude Include="..\src\defparser.h">
      <Filter>src</Filter>
    </ClInclude>
    <ClInclude Include="..\src\memory_pool.h">
      <Filter>src</Filter>
    </ClInclude>
    <ClInclude Include="..\src\mutex.h">
      <Filter>src</Filter>
    </ClInclude>
    <ClInclude Include="..\src\pluto.h">
      <Filter>src</Filter>
    </ClInclude>
    <ClInclude Include="..\src\rpc_mogo.h">
      <Filter>src</Filter>
    </ClInclude>
    <ClInclude Include="..\src\type_mogo.h">
      <Filter>src</Filter>
    </ClInclude>
    <ClInclude Include="..\src\util.h">
      <Filter>src</Filter>
    </ClInclude>
  </ItemGroup>
  <ItemGroup>
    <None Include="..\src\Makefile">
      <Filter>src</Filter>
    </None>
  </ItemGroup>
</Project>